
Microsoft Visual Studio Solution File, Format Version 12.00
# Visual Studio Version 17
VisualStudioVersion = 17.7.34221.43
MinimumVisualStudioVersion = 10.0.40219.1
Project("{8BC9CEB8-8B4A-11D0-8D11-00A0C91BC942}") = "linked_list", "linked_list\linked_list.vcxproj", "{06EEB5B1-0047-4C76-B71F-534C5A090F55}"
EndProject
Global
	GlobalSection(SolutionConfigurationPlatforms) = preSolution
		Debug|x64 = Debug|x64
		Debug|x86 = Debug|x86
		Release|x64 = Release|x64
		Release|x86 = Release|x86
	EndGlobalSection
	GlobalSection(ProjectConfigurationPlatforms) = postSolution
		{06EEB5B1-0047-4C76-B71F-534C5A090F55}.Debug|x64.ActiveCfg = Debug|x64
		{06EEB5B1-0047-4C76-B71F-534C5A090F55}.Debug|x64.Build.0 = Debug|x64
		{06EEB5B1-0047-4C76-B71F-534C5A090F55}.Debug|x86.ActiveCfg = Debug|Win32
		{06EEB5B1-0047-4C76-B71F-534C5A090F55}.Debug|x86.Build.0 = Debug|Win32
		{06EEB5B1-0047-4C76-B71F-534C5A090F55}.Release|x64.ActiveCfg = Release|x64
		{06EEB5B1-0047-4C76-B71F-534C5A090F55}.Release|x64.Build.0 = Release|x64
		{06EEB5B1-0047-4C76-B71F-534C5A090F55}.Release|x86.ActiveCfg = Release|Win32
		{06EEB5B1-0047-4C76-B71F-534C5A090F55}.Release|x86.Build.0 = Release|Win32
	EndGlobalSection
	GlobalSection(SolutionProperties) = preSolution
		HideSolutionNode = FALSE
	EndGlobalSection
	GlobalSection(ExtensibilityGlobals) = postSolution
		SolutionGuid = {D7657548-9966-4663-A460-674CD897BE23}
	EndGlobalSection
EndGlobal
